
Microsoft Visual Studio Solution File, Format Version 12.00
# Visual Studio Version 17
VisualStudioVersion = 17.3.32825.248
MinimumVisualStudioVersion = 10.0.40219.1
Project("{FAE04EC0-301F-11D3-BF4B-00C04F79EFBC}") = "TitovFt210007Lab3CaesarCipher", "TitovFt210007Lab3CaesarCipher\TitovFt210007Lab3CaesarCipher.csproj", "{639E54AD-3AAB-42E3-BA10-B141E24AD8D3}"
EndProject
Global
	GlobalSection(SolutionConfigurationPlatforms) = preSolution
		Debug|Any CPU = Debug|Any CPU
		Release|Any CPU = Release|Any CPU
	EndGlobalSection
	GlobalSection(ProjectConfigurationPlatforms) = postSolution
		{639E54AD-3AAB-42E3-BA10-B141E24AD8D3}.Debug|Any CPU.ActiveCfg = Debug|Any CPU
		{639E54AD-3AAB-42E3-BA10-B141E24AD8D3}.Debug|Any CPU.Build.0 = Debug|Any CPU
		{639E54AD-3AAB-42E3-BA10-B141E24AD8D3}.Release|Any CPU.ActiveCfg = Release|Any CPU
		{639E54AD-3AAB-42E3-BA10-B141E24AD8D3}.Release|Any CPU.Build.0 = Release|Any CPU
	EndGlobalSection
	GlobalSection(SolutionProperties) = preSolution
		HideSolutionNode = FALSE
	EndGlobalSection
	GlobalSection(ExtensibilityGlobals) = postSolution
		SolutionGuid = {6190EBB2-C773-4D9C-848C-CB31B17FF020}
	EndGlobalSection
EndGlobal
